{
  "name": "@grulex/grpc-invoke-mcp",
  "version": "0.1.0",
  "lockfileVersion": 3,
  "requires": true,
  "packages": {
    "": {
      "name": "@grulex/grpc-invoke-mcp",
      "version": "0.1.0",
      "hasInstallScript": true,
      "license": "MIT",
      "bin": {
        "grpc-invoke-mcp": "bin/grpc-invoke-mcp.js"
      }
    }
  }
}
